
Microsoft Visual Studio Solution File, Format Version 12.00
# Visual Studio Version 16
VisualStudioVersion = 25.0.1705.2
MinimumVisualStudioVersion = 10.0.40219.1
Project("{FAE04EC0-301F-11D3-BF4B-00C04F79EFBC}") = "eOdvjetnik", "eOdvjetnik.csproj", "{8B2675EA-25E4-46C5-83BC-F1DD73C14E5E}"
EndProject
Global
	GlobalSection(SolutionConfigurationPlatforms) = preSolution
		Debug|Any CPU = Debug|Any CPU
		Release|Any CPU = Release|Any CPU
	EndGlobalSection
	GlobalSection(ProjectConfigurationPlatforms) = postSolution
		{8B2675EA-25E4-46C5-83BC-F1DD73C14E5E}.Debug|Any CPU.ActiveCfg = Debug|Any CPU
		{8B2675EA-25E4-46C5-83BC-F1DD73C14E5E}.Debug|Any CPU.Build.0 = Debug|Any CPU
		{8B2675EA-25E4-46C5-83BC-F1DD73C14E5E}.Debug|Any CPU.Deploy.0 = Debug|Any CPU
		{8B2675EA-25E4-46C5-83BC-F1DD73C14E5E}.Release|Any CPU.ActiveCfg = Release|Any CPU
		{8B2675EA-25E4-46C5-83BC-F1DD73C14E5E}.Release|Any CPU.Build.0 = Release|Any CPU
		{8B2675EA-25E4-46C5-83BC-F1DD73C14E5E}.Release|.Release|Any CPU.Deploy.0 = Release|Any CPU
	EndGlobalSection
	GlobalSection(SolutionProperties) = preSolution
		HideSolutionNode = FALSE
	EndGlobalSection
	GlobalSection(ExtensibilityGlobals) = postSolution
		SolutionGuid = {A9B45D31-31F7-4ADB-AC53-8129BEFA85D1}
	EndGlobalSection
EndGlobal
